
Microsoft Visual Studio Solution File, Format Version 12.00
# Visual Studio Version 16
VisualStudioVersion = 16.0.30804.86
MinimumVisualStudioVersion = 10.0.40219.1
Project("{8BC9CEB8-8B4A-11D0-8D11-00A0C91BC942}") = "futaba-sample-cpp", "futaba-sample-cpp\futaba-sample-cpp.vcxproj", "{14AFCBCF-85E3-4C3B-BF42-BF888FE6AF1A}"
EndProject
Global
	GlobalSection(SolutionConfigurationPlatforms) = preSolution
		Debug|x64 = Debug|x64
		Debug|x86 = Debug|x86
		Release|x64 = Release|x64
		Release|x86 = Release|x86
	EndGlobalSection
	GlobalSection(ProjectConfigurationPlatforms) = postSolution
		{14AFCBCF-85E3-4C3B-BF42-BF888FE6AF1A}.Debug|x64.ActiveCfg = Debug|x64
		{14AFCBCF-85E3-4C3B-BF42-BF888FE6AF1A}.Debug|x64.Build.0 = Debug|x64
		{14AFCBCF-85E3-4C3B-BF42-BF888FE6AF1A}.Debug|x86.ActiveCfg = Debug|Win32
		{14AFCBCF-85E3-4C3B-BF42-BF888FE6AF1A}.Debug|x86.Build.0 = Debug|Win32
		{14AFCBCF-85E3-4C3B-BF42-BF888FE6AF1A}.Release|x64.ActiveCfg = Release|x64
		{14AFCBCF-85E3-4C3B-BF42-BF888FE6AF1A}.Release|x64.Build.0 = Release|x64
		{14AFCBCF-85E3-4C3B-BF42-BF888FE6AF1A}.Release|x86.ActiveCfg = Release|Win32
		{14AFCBCF-85E3-4C3B-BF42-BF888FE6AF1A}.Release|x86.Build.0 = Release|Win32
	EndGlobalSection
	GlobalSection(SolutionProperties) = preSolution
		HideSolutionNode = FALSE
	EndGlobalSection
	GlobalSection(ExtensibilityGlobals) = postSolution
		SolutionGuid = {D7ED7AA6-806A-4A14-A998-D3213CDD110C}
	EndGlobalSection
EndGlobal
